
Microsoft Visual Studio Solution File, Format Version 12.00
# Visual Studio Version 17
VisualStudioVersion = 17.8.34330.188
MinimumVisualStudioVersion = 10.0.40219.1
Project("{FAE04EC0-301F-11D3-BF4B-00C04F79EFBC}") = "MauiApp5", "MauiApp5\MauiApp5.csproj", "{104A5531-2989-437F-AAE9-B0CAC6817D97}"
EndProject
Global
	GlobalSection(SolutionConfigurationPlatforms) = preSolution
		Debug|Any CPU = Debug|Any CPU
		Release|Any CPU = Release|Any CPU
	EndGlobalSection
	GlobalSection(ProjectConfigurationPlatforms) = postSolution
		{104A5531-2989-437F-AAE9-B0CAC6817D97}.Debug|Any CPU.ActiveCfg = Debug|Any CPU
		{104A5531-2989-437F-AAE9-B0CAC6817D97}.Debug|Any CPU.Build.0 = Debug|Any CPU
		{104A5531-2989-437F-AAE9-B0CAC6817D97}.Debug|Any CPU.Deploy.0 = Debug|Any CPU
		{104A5531-2989-437F-AAE9-B0CAC6817D97}.Release|Any CPU.ActiveCfg = Release|Any CPU
		{104A5531-2989-437F-AAE9-B0CAC6817D97}.Release|Any CPU.Build.0 = Release|Any CPU
		{104A5531-2989-437F-AAE9-B0CAC6817D97}.Release|Any CPU.Deploy.0 = Release|Any CPU
	EndGlobalSection
	GlobalSection(SolutionProperties) = preSolution
		HideSolutionNode = FALSE
	EndGlobalSection
	GlobalSection(ExtensibilityGlobals) = postSolution
		SolutionGuid = {713327AC-E046-4C31-A3CE-DA66DC7D1374}
	EndGlobalSection
EndGlobal
